// !$*UTF8*$!
{
	archiveVersion = 1;
	classes = {
	};
	objectVersion = 50;
	objects = {

/* Begin PBXBuildFile section */
		8301E48B219DF4B000E8EB12 /* LocationSearchViewController.swift in Sources */ = {isa = PBXBuildFile; fileRef = 8301E48A219DF4B000E8EB12 /* LocationSearchViewController.swift */; };
		832C9449219CA172009F4E35 /* AppDelegate.swift in Sources */ = {isa = PBXBuildFile; fileRef = 832C9448219CA172009F4E35 /* AppDelegate.swift */; };
		832C944B219CA172009F4E35 /* WeatherDisplayView Controller.swift in Sources */ = {isa = PBXBuildFile; fileRef = 832C944A219CA172009F4E35 /* WeatherDisplayView Controller.swift */; };
		832C944E219CA172009F4E35 /* Main.storyboard in Resources */ = {isa = PBXBuildFile; fileRef = 832C944C219CA172009F4E35 /* Main.storyboard */; };
		832C9450219CA172009F4E35 /* Assets.xcassets in Resources */ = {isa = PBXBuildFile; fileRef = 832C944F219CA172009F4E35 /* Assets.xcassets */; };
		832C9453219CA172009F4E35 /* LaunchScreen.storyboard in Resources */ = {isa = PBXBuildFile; fileRef = 832C9451219CA172009F4E35 /* LaunchScreen.storyboard */; };
		838C504A219CA680004C1EAE /* keys.swift in Sources */ = {isa = PBXBuildFile; fileRef = 838C5049219CA680004C1EAE /* keys.swift */; };
		838C504C219CA9CA004C1EAE /* location.swift in Sources */ = {isa = PBXBuildFile; fileRef = 838C504B219CA9CA004C1EAE /* location.swift */; };
		838C504F219CAAB2004C1EAE /* APIManager.swift in Sources */ = {isa = PBXBuildFile; fileRef = 838C504E219CAAB2004C1EAE /* APIManager.swift */; };
		BB358BBC85D943CDA384B628 /* Pods_WeatherApp.framework in Frameworks */ = {isa = PBXBuildFile; fileRef = B47A540AF28B4A08755020A1 /* Pods_WeatherApp.framework */; };
/* End PBXBuildFile section */

/* Begin PBXFileReference section */
		328BB190BEBEC3FB61B11328 /* Pods-WeatherApp.release.xcconfig */ = {isa = PBXFileReference; includeInIndex = 1; lastKnownFileType = text.xcconfig; name = "Pods-WeatherApp.release.xcconfig"; path = "Pods/Target Support Files/Pods-WeatherApp/Pods-WeatherApp.release.xcconfig"; sourceTree = "<group>"; };
		8301E48A219DF4B000E8EB12 /* LocationSearchViewController.swift */ = {isa = PBXFileReference; lastKnownFileType = sourcecode.swift; path = LocationSearchViewController.swift; sourceTree = "<group>"; };
		832C9445219CA172009F4E35 /* WeatherApp.app */ = {isa = PBXFileReference; explicitFileType = wrapper.application; includeInIndex = 0; path = WeatherApp.app; sourceTree = BUILT_PRODUCTS_DIR; };
		832C9448219CA172009F4E35 /* AppDelegate.swift */ = {isa = PBXFileReference; lastKnownFileType = sourcecode.swift; path = AppDelegate.swift; sourceTree = "<group>"; };
		832C944A219CA172009F4E35 /* WeatherDisplayView Controller.swift */ = {isa = PBXFileReference; lastKnownFileType = sourcecode.swift; path = "WeatherDisplayView Controller.swift"; sourceTree = "<group>"; };
		832C944D219CA172009F4E35 /* Base */ = {isa = PBXFileReference; lastKnownFileType = file.storyboard; name = Base; path = Base.lproj/Main.storyboard; sourceTree = "<group>"; };
		832C944F219CA172009F4E35 /* Assets.xcassets */ = {isa = PBXFileReference; lastKnownFileType = folder.assetcatalog; path = Assets.xcassets; sourceTree = "<group>"; };
		832C9452219CA172009F4E35 /* Base */ = {isa = PBXFileReference; lastKnownFileType = file.storyboard; name = Base; path = Base.lproj/LaunchScreen.storyboard; sourceTree = "<group>"; };
		832C9454219CA172009F4E35 /* Info.plist */ = {isa = PBXFileReference; lastKnownFileType = text.plist.xml; path = Info.plist; sourceTree = "<group>"; };
		838C5049219CA680004C1EAE /* keys.swift */ = {isa = PBXFileReference; lastKnownFileType = sourcecode.swift; path = keys.swift; sourceTree = "<group>"; };
		838C504B219CA9CA004C1EAE /* location.swift */ = {isa = PBXFileReference; lastKnownFileType = sourcecode.swift; path = location.swift; sourceTree = "<group>"; };
		838C504E219CAAB2004C1EAE /* APIManager.swift */ = {isa = PBXFileReference; lastKnownFileType = sourcecode.swift; path = APIManager.swift; sourceTree = "<group>"; };
		88ACA2E6761F3B15FA491D98 /* Pods-WeatherApp.debug.xcconfig */ = {isa = PBXFileReference; includeInIndex = 1; lastKnownFileType = text.xcconfig; name = "Pods-WeatherApp.debug.xcconfig"; path = "Pods/Target Support Files/Pods-WeatherApp/Pods-WeatherApp.debug.xcconfig"; sourceTree = "<group>"; };
		B47A540AF28B4A08755020A1 /* Pods_WeatherApp.framework */ = {isa = PBXFileReference; explicitFileType = wrapper.framework; includeInIndex = 0; path = Pods_WeatherApp.framework; sourceTree = BUILT_PRODUCTS_DIR; };
/* End PBXFileReference section */

/* Begin PBXFrameworksBuildPhase section */
		832C9442219CA172009F4E35 /* Frameworks */ = {
			isa = PBXFrameworksBuildPhase;
			buildActionMask = 2147483647;
			files = (
				BB358BBC85D943CDA384B628 /* Pods_WeatherApp.framework in Frameworks */,
			);
			runOnlyForDeploymentPostprocessing = 0;
		};
/* End PBXFrameworksBuildPhase section */

/* Begin PBXGroup section */
		8301E488219DF36E00E8EB12 /* Storyboards's */ = {
			isa = PBXGroup;
			children = (
				832C944C219CA172009F4E35 /* Main.storyboard */,
			);
			path = "Storyboards's";
			sourceTree = "<group>";
		};
		8301E489219DF46B00E8EB12 /* ViewControllers */ = {
			isa = PBXGroup;
			children = (
				832C944A219CA172009F4E35 /* WeatherDisplayView Controller.swift */,
				8301E48A219DF4B000E8EB12 /* LocationSearchViewController.swift */,
			);
			path = ViewControllers;
			sourceTree = "<group>";
		};
		832C943C219CA172009F4E35 = {
			isa = PBXGroup;
			children = (
				832C9447219CA172009F4E35 /* WeatherApp */,
				832C9446219CA172009F4E35 /* Products */,
				D8D09C5E6DFCC1827E981E16 /* Pods */,
				EF93F84FF15B3A88FDC56FE9 /* Frameworks */,
			);
			sourceTree = "<group>";
		};
		832C9446219CA172009F4E35 /* Products */ = {
			isa = PBXGroup;
			children = (
				832C9445219CA172009F4E35 /* WeatherApp.app */,
			);
			name = Products;
			sourceTree = "<group>";
		};
		832C9447219CA172009F4E35 /* WeatherApp */ = {
			isa = PBXGroup;
			children = (
				8301E489219DF46B00E8EB12 /* ViewControllers */,
				8301E488219DF36E00E8EB12 /* Storyboards's */,
				838C504D219CAA9F004C1EAE /* Api */,
				832C9448219CA172009F4E35 /* AppDelegate.swift */,
				832C944F219CA172009F4E35 /* Assets.xcassets */,
				832C9451219CA172009F4E35 /* LaunchScreen.storyboard */,
				832C9454219CA172009F4E35 /* Info.plist */,
				838C504B219CA9CA004C1EAE /* location.swift */,
			);
			path = WeatherApp;
			sourceTree = "<group>";
		};
		838C504D219CAA9F004C1EAE /* Api */ = {
			isa = PBXGroup;
			children = (
				838C504E219CAAB2004C1EAE /* APIManager.swift */,
				838C5049219CA680004C1EAE /* keys.swift */,
			);
			path = Api;
			sourceTree = "<group>";
		};
		D8D09C5E6DFCC1827E981E16 /* Pods */ = {
			isa = PBXGroup;
			children = (
				88ACA2E6761F3B15FA491D98 /* Pods-WeatherApp.debug.xcconfig */,
				328BB190BEBEC3FB61B11328 /* Pods-WeatherApp.release.xcconfig */,
			);
			name = Pods;
			sourceTree = "<group>";
		};
		EF93F84FF15B3A88FDC56FE9 /* Frameworks */ = {
			isa = PBXGroup;
			children = (
				B47A540AF28B4A08755020A1 /* Pods_WeatherApp.framework */,
			);
			name = Frameworks;
			sourceTree = "<group>";
		};
/* End PBXGroup section */

/* Begin PBXNativeTarget section */
		832C9444219CA172009F4E35 /* WeatherApp */ = {
			isa = PBXNativeTarget;
			buildConfigurationList = 832C9457219CA172009F4E35 /* Build configuration list for PBXNativeTarget "WeatherApp" */;
			buildPhases = (
				1147CDE73DE185502ECE8D4D /* [CP] Check Pods Manifest.lock */,
				832C9441219CA172009F4E35 /* Sources */,
				832C9442219CA172009F4E35 /* Frameworks */,
				832C9443219CA172009F4E35 /* Resources */,
				28A36C8EFFE2A3DD2286A5CB /* [CP] Embed Pods Frameworks */,
			);
			buildRules = (
			);
			dependencies = (
			);
			name = WeatherApp;
			productName = WeatherApp;
			productReference = 832C9445219CA172009F4E35 /* WeatherApp.app */;
			productType = "com.apple.product-type.application";
		};
/* End PBXNativeTarget section */

/* Begin PBXProject section */
		832C943D219CA172009F4E35 /* Project object */ = {
			isa = PBXProject;
			attributes = {
				LastSwiftUpdateCheck = 1010;
				LastUpgradeCheck = 1010;
				ORGANIZATIONNAME = "Zachary Harper";
				TargetAttributes = {
					832C9444219CA172009F4E35 = {
						CreatedOnToolsVersion = 10.1;
					};
				};
			};
			buildConfigurationList = 832C9440219CA172009F4E35 /* Build configuration list for PBXProject "WeatherApp" */;
			compatibilityVersion = "Xcode 9.3";
			developmentRegion = en;
			hasScannedForEncodings = 0;
			knownRegions = (
				en,
				Base,
			);
			mainGroup = 832C943C219CA172009F4E35;
			productRefGroup = 832C9446219CA172009F4E35 /* Products */;
			projectDirPath = "";
			projectRoot = "";
			targets = (
				832C9444219CA172009F4E35 /* WeatherApp */,
			);
		};
/* End PBXProject section */

/* Begin PBXResourcesBuildPhase section */
		832C9443219CA172009F4E35 /* Resources */ = {
			isa = PBXResourcesBuildPhase;
			buildActionMask = 2147483647;
			files = (
				832C9453219CA172009F4E35 /* LaunchScreen.storyboard in Resources */,
				832C9450219CA172009F4E35 /* Assets.xcassets in Resources */,
				832C944E219CA172009F4E35 /* Main.storyboard in Resources */,
			);
			runOnlyForDeploymentPostprocessing = 0;
		};
/* End PBXResourcesBuildPhase section */

/* Begin PBXShellScriptBuildPhase section */
		1147CDE73DE185502ECE8D4D /* [CP] Check Pods Manifest.lock */ = {
			isa = PBXShellScriptBuildPhase;
			buildActionMask = 2147483647;
			files = (
			);
			inputPaths = (
				"${PODS_PODFILE_DIR_PATH}/Podfile.lock",
				"${PODS_ROOT}/Manifest.lock",
			);
			name = "[CP] Check Pods Manifest.lock";
			outputPaths = (
				"$(DERIVED_FILE_DIR)/Pods-WeatherApp-checkManifestLockResult.txt",
			);
			runOnlyForDeploymentPostprocessing = 0;
			shellPath = /bin/sh;
			shellScript = "diff \"${PODS_PODFILE_DIR_PATH}/Podfile.lock\" \"${PODS_ROOT}/Manifest.lock\" > /dev/null\nif [ $? != 0 ] ; then\n    # print error to STDERR\n    echo \"error: The sandbox is not in sync with the Podfile.lock. Run 'pod install' or update your CocoaPods installation.\" >&2\n    exit 1\nfi\n# This output is used by Xcode 'outputs' to avoid re-running this script phase.\necho \"SUCCESS\" > \"${SCRIPT_OUTPUT_FILE_0}\"\n";
			showEnvVarsInLog = 0;
		};
		28A36C8EFFE2A3DD2286A5CB /* [CP] Embed Pods Frameworks */ = {
			isa = PBXShellScriptBuildPhase;
			buildActionMask = 2147483647;
			files = (
			);
			inputPaths = (
				"${SRCROOT}/Pods/Target Support Files/Pods-WeatherApp/Pods-WeatherApp-frameworks.sh",
				"${BUILT_PRODUCTS_DIR}/Alamofire/Alamofire.framework",
				"${BUILT_PRODUCTS_DIR}/SwiftyJSON/SwiftyJSON.framework",
			);
			name = "[CP] Embed Pods Frameworks";
			outputPaths = (
				"${TARGET_BUILD_DIR}/${FRAMEWORKS_FOLDER_PATH}/Alamofire.framework",
				"${TARGET_BUILD_DIR}/${FRAMEWORKS_FOLDER_PATH}/SwiftyJSON.framework",
			);
			runOnlyForDeploymentPostprocessing = 0;
			shellPath = /bin/sh;
			shellScript = "\"${SRCROOT}/Pods/Target Support Files/Pods-WeatherApp/Pods-WeatherApp-frameworks.sh\"\n";
			showEnvVarsInLog = 0;
		};
/* End PBXShellScriptBuildPhase section */

/* Begin PBXSourcesBuildPhase section */
		832C9441219CA172009F4E35 /* Sources */ = {
			isa = PBXSourcesBuildPhase;
			buildActionMask = 2147483647;
			files = (
				8301E48B219DF4B000E8EB12 /* LocationSearchViewController.swift in Sources */,
				838C504A219CA680004C1EAE /* keys.swift in Sources */,
				832C944B219CA172009F4E35 /* WeatherDisplayView Controller.swift in Sources */,
				838C504F219CAAB2004C1EAE /* APIManager.swift in Sources */,
				838C504C219CA9CA004C1EAE /* location.swift in Sources */,
				832C9449219CA172009F4E35 /* AppDelegate.swift in Sources */,
			);
			runOnlyForDeploymentPostprocessing = 0;
		};
/* End PBXSourcesBuildPhase section */

/* Begin PBXVariantGroup section */
		832C944C219CA172009F4E35 /* Main.storyboard */ = {
			isa = PBXVariantGroup;
			children = (
				832C944D219CA172009F4E35 /* Base */,
			);
			name = Main.storyboard;
			sourceTree = "<group>";
		};
		832C9451219CA172009F4E35 /* LaunchScreen.storyboard */ = {
			isa = PBXVariantGroup;
			children = (
				832C9452219CA172009F4E35 /* Base */,
			);
			name = LaunchScreen.storyboard;
			sourceTree = "<group>";
		};
/* End PBXVariantGroup section */

/* Begin XCBuildConfiguration section */
		832C9455219CA172009F4E35 /* Debug */ = {
			isa = XCBuildConfiguration;
			buildSettings = {
				ALWAYS_SEARCH_USER_PATHS = NO;
				CLANG_ANALYZER_NONNULL = YES;
				CLANG_ANALYZER_NUMBER_OBJECT_CONVERSION = YES_AGGRESSIVE;
				CLANG_CXX_LANGUAGE_STANDARD = "gnu++14";
				CLANG_CXX_LIBRARY = "libc++";
				CLANG_ENABLE_MODULES = YES;
				CLANG_ENABLE_OBJC_ARC = YES;
				CLANG_ENABLE_OBJC_WEAK = YES;
				CLANG_WARN_BLOCK_CAPTURE_AUTORELEASING = YES;
				CLANG_WARN_BOOL_CONVERSION = YES;
				CLANG_WARN_COMMA = YES;
				CLANG_WARN_CONSTANT_CONVERSION = YES;
				CLANG_WARN_DEPRECATED_OBJC_IMPLEMENTATIONS = YES;
				CLANG_WARN_DIRECT_OBJC_ISA_USAGE = YES_ERROR;
				CLANG_WARN_DOCUMENTATION_COMMENTS = YES;
				CLANG_WARN_EMPTY_BODY = YES;
				CLANG_WARN_ENUM_CONVERSION = YES;
				CLANG_WARN_INFINITE_RECURSION = YES;
				CLANG_WARN_INT_CONVERSION = YES;
				CLANG_WARN_NON_LITERAL_NULL_CONVERSION = YES;
				CLANG_WARN_OBJC_IMPLICIT_RETAIN_SELF = YES;
				CLANG_WARN_OBJC_LITERAL_CONVERSION = YES;
				CLANG_WARN_OBJC_ROOT_CLASS = YES_ERROR;
				CLANG_WARN_RANGE_LOOP_ANALYSIS = YES;
				CLANG_WARN_STRICT_PROTOTYPES = YES;
				CLANG_WARN_SUSPICIOUS_MOVE = YES;
				CLANG_WARN_UNGUARDED_AVAILABILITY = YES_AGGRESSIVE;
				CLANG_WARN_UNREACHABLE_CODE = YES;
				CLANG_WARN__DUPLICATE_METHOD_MATCH = YES;
				CODE_SIGN_IDENTITY = "iPhone Developer";
				COPY_PHASE_STRIP = NO;
				DEBUG_INFORMATION_FORMAT = dwarf;
				ENABLE_STRICT_OBJC_MSGSEND = YES;
				ENABLE_TESTABILITY = YES;
				GCC_C_LANGUAGE_STANDARD = gnu11;
				GCC_DYNAMIC_NO_PIC = NO;
				GCC_NO_COMMON_BLOCKS = YES;
				GCC_OPTIMIZATION_LEVEL = 0;
				GCC_PREPROCESSOR_DEFINITIONS = (
					"DEBUG=1",
					"$(inherited)",
				);
				GCC_WARN_64_TO_32_BIT_CONVERSION = YES;
				GCC_WARN_ABOUT_RETURN_TYPE = YES_ERROR;
				GCC_WARN_UNDECLARED_SELECTOR = YES;
				GCC_WARN_UNINITIALIZED_AUTOS = YES_AGGRESSIVE;
				GCC_WARN_UNUSED_FUNCTION = YES;
				GCC_WARN_UNUSED_VARIABLE = YES;
				IPHONEOS_DEPLOYMENT_TARGET = 12.1;
				MTL_ENABLE_DEBUG_INFO = INCLUDE_SOURCE;
				MTL_FAST_MATH = YES;
				ONLY_ACTIVE_ARCH = YES;
				SDKROOT = iphoneos;
				SWIFT_ACTIVE_COMPILATION_CONDITIONS = DEBUG;
				SWIFT_OPTIMIZATION_LEVEL = "-Onone";
			};
			name = Debug;
		};
		832C9456219CA172009F4E35 /* Release */ = {
			isa = XCBuildConfiguration;
			buildSettings = {
				ALWAYS_SEARCH_USER_PATHS = NO;
				CLANG_ANALYZER_NONNULL = YES;
				CLANG_ANALYZER_NUMBER_OBJECT_CONVERSION = YES_AGGRESSIVE;
				CLANG_CXX_LANGUAGE_STANDARD = "gnu++14";
				CLANG_CXX_LIBRARY = "libc++";
				CLANG_ENABLE_MODULES = YES;
				CLANG_ENABLE_OBJC_ARC = YES;
				CLANG_ENABLE_OBJC_WEAK = YES;
				CLANG_WARN_BLOCK_CAPTURE_AUTORELEASING = YES;
				CLANG_WARN_BOOL_CONVERSION = YES;
				CLANG_WARN_COMMA = YES;
				CLANG_WARN_CONSTANT_CONVERSION = YES;
				CLANG_WARN_DEPRECATED_OBJC_IMPLEMENTATIONS = YES;
				CLANG_WARN_DIRECT_OBJC_ISA_USAGE = YES_ERROR;
				CLANG_WARN_DOCUMENTATION_COMMENTS = YES;
				CLANG_WARN_EMPTY_BODY = YES;
				CLANG_WARN_ENUM_CONVERSION = YES;
				CLANG_WARN_INFINITE_RECURSION = YES;
				CLANG_WARN_INT_CONVERSION = YES;
				CLANG_WARN_NON_LITERAL_NULL_CONVERSION = YES;
				CLANG_WARN_OBJC_IMPLICIT_RETAIN_SELF = YES;
				CLANG_WARN_OBJC_LITERAL_CONVERSION = YES;
				CLANG_WARN_OBJC_ROOT_CLASS = YES_ERROR;
				CLANG_WARN_RANGE_LOOP_ANALYSIS = YES;
				CLANG_WARN_STRICT_PROTOTYPES = YES;
				CLANG_WARN_SUSPICIOUS_MOVE = YES;
				CLANG_WARN_UNGUARDED_AVAILABILITY = YES_AGGRESSIVE;
				CLANG_WARN_UNREACHABLE_CODE = YES;
				CLANG_WARN__DUPLICATE_METHOD_MATCH = YES;
				CODE_SIGN_IDENTITY = "iPhone Developer";
				COPY_PHASE_STRIP = NO;
				DEBUG_INFORMATION_FORMAT = "dwarf-with-dsym";
				ENABLE_NS_ASSERTIONS = NO;
				ENABLE_STRICT_OBJC_MSGSEND = YES;
				GCC_C_LANGUAGE_STANDARD = gnu11;
				GCC_NO_COMMON_BLOCKS = YES;
				GCC_WARN_64_TO_32_BIT_CONVERSION = YES;
				GCC_WARN_ABOUT_RETURN_TYPE = YES_ERROR;
				GCC_WARN_UNDECLARED_SELECTOR = YES;
				GCC_WARN_UNINITIALIZED_AUTOS = YES_AGGRESSIVE;
				GCC_WARN_UNUSED_FUNCTION = YES;
				GCC_WARN_UNUSED_VARIABLE = YES;
				IPHONEOS_DEPLOYMENT_TARGET = 12.1;
				MTL_ENABLE_DEBUG_INFO = NO;
				MTL_FAST_MATH = YES;
				SDKROOT = iphoneos;
				SWIFT_COMPILATION_MODE = wholemodule;
				SWIFT_OPTIMIZATION_LEVEL = "-O";
				VALIDATE_PRODUCT = YES;
			};
			name = Release;
		};
		832C9458219CA172009F4E35 /* Debug */ = {
			isa = XCBuildConfiguration;
			baseConfigurationReference = 88ACA2E6761F3B15FA491D98 /* Pods-WeatherApp.debug.xcconfig */;
			buildSettings = {
				ASSETCATALOG_COMPILER_APPICON_NAME = AppIcon;
				CODE_SIGN_STYLE = Automatic;
				INFOPLIST_FILE = WeatherApp/Info.plist;
				LD_RUNPATH_SEARCH_PATHS = (
					"$(inherited)",
					"@executable_path/Frameworks",
				);
				PRODUCT_BUNDLE_IDENTIFIER = com.zacharyharper.WeatherApp;
				PRODUCT_NAME = "$(TARGET_NAME)";
				SWIFT_VERSION = 4.2;
				TARGETED_DEVICE_FAMILY = "1,2";
			};
			name = Debug;
		};
		832C9459219CA172009F4E35 /* Release */ = {
			isa = XCBuildConfiguration;
			baseConfigurationReference = 328BB190BEBEC3FB61B11328 /* Pods-WeatherApp.release.xcconfig */;
			buildSettings = {
				ASSETCATALOG_COMPILER_APPICON_NAME = AppIcon;
				CODE_SIGN_STYLE = Automatic;
				INFOPLIST_FILE = WeatherApp/Info.plist;
				LD_RUNPATH_SEARCH_PATHS = (
					"$(inherited)",
					"@executable_path/Frameworks",
				);
				PRODUCT_BUNDLE_IDENTIFIER = com.zacharyharper.WeatherApp;
				PRODUCT_NAME = "$(TARGET_NAME)";
				SWIFT_VERSION = 4.2;
				TARGETED_DEVICE_FAMILY = "1,2";
			};
			name = Release;
		};
/* End XCBuildConfiguration section */

/* Begin XCConfigurationList section */
		832C9440219CA172009F4E35 /* Build configuration list for PBXProject "WeatherApp" */ = {
			isa = XCConfigurationList;
			buildConfigurations = (
				832C9455219CA172009F4E35 /* Debug */,
				832C9456219CA172009F4E35 /* Release */,
			);
			defaultConfigurationIsVisible = 0;
			defaultConfigurationName = Release;
		};
		832C9457219CA172009F4E35 /* Build configuration list for PBXNativeTarget "WeatherApp" */ = {
			isa = XCConfigurationList;
			buildConfigurations = (
				832C9458219CA172009F4E35 /* Debug */,
				832C9459219CA172009F4E35 /* Release */,
			);
			defaultConfigurationIsVisible = 0;
			defaultConfigurationName = Release;
		};
/* End XCConfigurationList section */
	};
	rootObject = 832C943D219CA172009F4E35 /* Project object */;
}
